PODS:
  - KeychainSwift (20.0.0)
  - SnapKit (5.0.1)

DEPENDENCIES:
  - KeychainSwift
  - SnapKit

SPEC REPOS:
  trunk:
    - KeychainSwift
    - SnapKit

SPEC CHECKSUMS:
  KeychainSwift: 0ce6a4d13f7228054d1a71bb1b500448fb2ab837
  SnapKit: 97b92857e3df3a0c71833cce143274bf6ef8e5eb

PODFILE CHECKSUM: 9015902159dfae4e0ae943cda348875a2ec2539a

COCOAPODS: 1.11.2
